
Microsoft Visual Studio Solution File, Format Version 12.00
# Visual Studio Version 17
VisualStudioVersion = 17.7.34221.43
MinimumVisualStudioVersion = 10.0.40219.1
Project("{FAE04EC0-301F-11D3-BF4B-00C04F79EFBC}") = "WebApi", "WebApi\WebApi.csproj", "{7D7D019A-03D0-44DE-9DAE-7A1965E39635}"
EndProject
Global
	GlobalSection(SolutionConfigurationPlatforms) = preSolution
		Debug|Any CPU = Debug|Any CPU
		Release|Any CPU = Release|Any CPU
	EndGlobalSection
	GlobalSection(ProjectConfigurationPlatforms) = postSolution
		{7D7D019A-03D0-44DE-9DAE-7A1965E39635}.Debug|Any CPU.ActiveCfg = Debug|Any CPU
		{7D7D019A-03D0-44DE-9DAE-7A1965E39635}.Debug|Any CPU.Build.0 = Debug|Any CPU
		{7D7D019A-03D0-44DE-9DAE-7A1965E39635}.Release|Any CPU.ActiveCfg = Release|Any CPU
		{7D7D019A-03D0-44DE-9DAE-7A1965E39635}.Release|Any CPU.Build.0 = Release|Any CPU
	EndGlobalSection
	GlobalSection(SolutionProperties) = preSolution
		HideSolutionNode = FALSE
	EndGlobalSection
	GlobalSection(ExtensibilityGlobals) = postSolution
		SolutionGuid = {8A94D985-068B-4ACC-9A53-9BE0DA4C42AE}
	EndGlobalSection
EndGlobal
